
Microsoft Visual Studio Solution File, Format Version 12.00
# Visual Studio 15
VisualStudioVersion = 15.0.28307.645
MinimumVisualStudioVersion = 10.0.40219.1
Project("{FAE04EC0-301F-11D3-BF4B-00C04F79EFBC}") = "CiDotNet.WpfCalc", "CiDotNet.WpfCalc\CiDotNet.WpfCalc.csproj", "{D55A06AC-7BBB-4866-B147-864351E29AAF}"
EndProject
Project("{FAE04EC0-301F-11D3-BF4B-00C04F79EFBC}") = "CiDotNet.Calc", "CiDotNet.Calc\CiDotNet.Calc.csproj", "{A5C163B2-A6BA-41A7-A88F-4B34DBB1D6E2}"
EndProject
Project("{FAE04EC0-301F-11D3-BF4B-00C04F79EFBC}") = "CiDotNet.Calc.Test", "CiDotNet.Calc.Test\CiDotNet.Calc.Test.csproj", "{B2BCE76D-6087-4585-A615-527C0B1FF471}"
EndProject
Project("{2150E333-8FDC-42A3-9474-1A3956D46DE8}") = "Solution Items", "Solution Items", "{89EBBA17-ED19-46F7-968B-ED2DAAF10A0F}"
	ProjectSection(SolutionItems) = preProject
		build.proj = build.proj
	EndProjectSection
EndProject
Global
	GlobalSection(SolutionConfigurationPlatforms) = preSolution
		Debug|Any CPU = Debug|Any CPU
		Release|Any CPU = Release|Any CPU
	EndGlobalSection
	GlobalSection(ProjectConfigurationPlatforms) = postSolution
		{D55A06AC-7BBB-4866-B147-864351E29AAF}.Debug|Any CPU.ActiveCfg = Debug|Any CPU
		{D55A06AC-7BBB-4866-B147-864351E29AAF}.Debug|Any CPU.Build.0 = Debug|Any CPU
		{D55A06AC-7BBB-4866-B147-864351E29AAF}.Release|Any CPU.ActiveCfg = Release|Any CPU
		{D55A06AC-7BBB-4866-B147-864351E29AAF}.Release|Any CPU.Build.0 = Release|Any CPU
		{A5C163B2-A6BA-41A7-A88F-4B34DBB1D6E2}.Debug|Any CPU.ActiveCfg = Debug|Any CPU
		{A5C163B2-A6BA-41A7-A88F-4B34DBB1D6E2}.Debug|Any CPU.Build.0 = Debug|Any CPU
		{A5C163B2-A6BA-41A7-A88F-4B34DBB1D6E2}.Release|Any CPU.ActiveCfg = Release|Any CPU
		{A5C163B2-A6BA-41A7-A88F-4B34DBB1D6E2}.Release|Any CPU.Build.0 = Release|Any CPU
		{B2BCE76D-6087-4585-A615-527C0B1FF471}.Debug|Any CPU.ActiveCfg = Debug|Any CPU
		{B2BCE76D-6087-4585-A615-527C0B1FF471}.Debug|Any CPU.Build.0 = Debug|Any CPU
		{B2BCE76D-6087-4585-A615-527C0B1FF471}.Release|Any CPU.ActiveCfg = Release|Any CPU
		{B2BCE76D-6087-4585-A615-527C0B1FF471}.Release|Any CPU.Build.0 = Release|Any CPU
	EndGlobalSection
	GlobalSection(SolutionProperties) = preSolution
		HideSolutionNode = FALSE
	EndGlobalSection
	GlobalSection(ExtensibilityGlobals) = postSolution
		SolutionGuid = {60A1304C-B610-4BBE-8674-1EFF22F3F32F}
	EndGlobalSection
EndGlobal
